
Microsoft Visual Studio Solution File, Format Version 12.00
# Visual Studio 15
VisualStudioVersion = 15.0.28307.329
MinimumVisualStudioVersion = 10.0.40219.1
Project("{FAE04EC0-301F-11D3-BF4B-00C04F79EFBC}") = "CompBase_test1", "CompBase_test1\CompBase_test1.csproj", "{FBB218A3-50BA-478A-B1E6-069A4D2F6C8C}"
EndProject
Global
	GlobalSection(SolutionConfigurationPlatforms) = preSolution
		Debug|Any CPU = Debug|Any CPU
		Release|Any CPU = Release|Any CPU
	EndGlobalSection
	GlobalSection(ProjectConfigurationPlatforms) = postSolution
		{FBB218A3-50BA-478A-B1E6-069A4D2F6C8C}.Debug|Any CPU.ActiveCfg = Debug|Any CPU
		{FBB218A3-50BA-478A-B1E6-069A4D2F6C8C}.Debug|Any CPU.Build.0 = Debug|Any CPU
		{FBB218A3-50BA-478A-B1E6-069A4D2F6C8C}.Release|Any CPU.ActiveCfg = Release|Any CPU
		{FBB218A3-50BA-478A-B1E6-069A4D2F6C8C}.Release|Any CPU.Build.0 = Release|Any CPU
	EndGlobalSection
	GlobalSection(SolutionProperties) = preSolution
		HideSolutionNode = FALSE
	EndGlobalSection
	GlobalSection(ExtensibilityGlobals) = postSolution
		SolutionGuid = {6980FBDE-7666-46BA-864E-0A48BB012601}
	EndGlobalSection
EndGlobal
